
Microsoft Visual Studio Solution File, Format Version 12.00
Project("{FAE04EC0-301F-11D3-BF4B-00C04F79EFBC}") = "ServiceStation_02", "ServiceStation_02\ServiceStation_02.csproj", "{FCD02A6F-8560-4B98-8F66-A649833607ED}"
EndProject
Global
	GlobalSection(SolutionConfigurationPlatforms) = preSolution
		Debug|Any CPU = Debug|Any CPU
		Release|Any CPU = Release|Any CPU
	EndGlobalSection
	GlobalSection(ProjectConfigurationPlatforms) = postSolution
		{FCD02A6F-8560-4B98-8F66-A649833607ED}.Debug|Any CPU.ActiveCfg = Debug|Any CPU
		{FCD02A6F-8560-4B98-8F66-A649833607ED}.Debug|Any CPU.Build.0 = Debug|Any CPU
		{FCD02A6F-8560-4B98-8F66-A649833607ED}.Release|Any CPU.ActiveCfg = Release|Any CPU
		{FCD02A6F-8560-4B98-8F66-A649833607ED}.Release|Any CPU.Build.0 = Release|Any CPU
	EndGlobalSection
EndGlobal
